// !$*UTF8*$!
{
	archiveVersion = 1;
	classes = {
	};
	objectVersion = 55;
	objects = {

/* Begin PBXBuildFile section */
		DC2268EC2875DCA4004CCFB9 /* AppDelegate.swift in Sources */ = {isa = PBXBuildFile; fileRef = DC2268EB2875DCA4004CCFB9 /* AppDelegate.swift */; };
		DC2268EE2875DCA4004CCFB9 /* SceneDelegate.swift in Sources */ = {isa = PBXBuildFile; fileRef = DC2268ED2875DCA4004CCFB9 /* SceneDelegate.swift */; };
		DC2268F02875DCA4004CCFB9 /* ViewController.swift in Sources */ = {isa = PBXBuildFile; fileRef = DC2268EF2875DCA4004CCFB9 /* ViewController.swift */; };
		DC2268F32875DCA4004CCFB9 /* Main.storyboard in Resources */ = {isa = PBXBuildFile; fileRef = DC2268F12875DCA4004CCFB9 /* Main.storyboard */; };
		DC2268F52875DCA4004CCFB9 /* Assets.xcassets in Resources */ = {isa = PBXBuildFile; fileRef = DC2268F42875DCA4004CCFB9 /* Assets.xcassets */; };
		DC2268F82875DCA4004CCFB9 /* LaunchScreen.storyboard in Resources */ = {isa = PBXBuildFile; fileRef = DC2268F62875DCA4004CCFB9 /* LaunchScreen.storyboard */; };
		DC2269002875DFDE004CCFB9 /* ApiKey.swift in Sources */ = {isa = PBXBuildFile; fileRef = DC2268FF2875DFDE004CCFB9 /* ApiKey.swift */; };
/* End PBXBuildFile section */

/* Begin PBXFileReference section */
		DC2268E82875DCA4004CCFB9 /* BankIdentifyNumberChecker.app */ = {isa = PBXFileReference; explicitFileType = wrapper.application; includeInIndex = 0; path = BankIdentifyNumberChecker.app; sourceTree = BUILT_PRODUCTS_DIR; };
		DC2268EB2875DCA4004CCFB9 /* AppDelegate.swift */ = {isa = PBXFileReference; lastKnownFileType = sourcecode.swift; path = AppDelegate.swift; sourceTree = "<group>"; };
		DC2268ED2875DCA4004CCFB9 /* SceneDelegate.swift */ = {isa = PBXFileReference; lastKnownFileType = sourcecode.swift; path = SceneDelegate.swift; sourceTree = "<group>"; };
		DC2268EF2875DCA4004CCFB9 /* ViewController.swift */ = {isa = PBXFileReference; lastKnownFileType = sourcecode.swift; path = ViewController.swift; sourceTree = "<group>"; };
		DC2268F22875DCA4004CCFB9 /* Base */ = {isa = PBXFileReference; lastKnownFileType = file.storyboard; name = Base; path = Base.lproj/Main.storyboard; sourceTree = "<group>"; };
		DC2268F42875DCA4004CCFB9 /* Assets.xcassets */ = {isa = PBXFileReference; lastKnownFileType = folder.assetcatalog; path = Assets.xcassets; sourceTree = "<group>"; };
		DC2268F72875DCA4004CCFB9 /* Base */ = {isa = PBXFileReference; lastKnownFileType = file.storyboard; name = Base; path = Base.lproj/LaunchScreen.storyboard; sourceTree = "<group>"; };
		DC2268F92875DCA4004CCFB9 /* Info.plist */ = {isa = PBXFileReference; lastKnownFileType = text.plist.xml; path = Info.plist; sourceTree = "<group>"; };
		DC2268FF2875DFDE004CCFB9 /* ApiKey.swift */ = {isa = PBXFileReference; lastKnownFileType = sourcecode.swift; path = ApiKey.swift; sourceTree = "<group>"; };
/* End PBXFileReference section */

/* Begin PBXFrameworksBuildPhase section */
		DC2268E52875DCA4004CCFB9 /* Frameworks */ = {
			isa = PBXFrameworksBuildPhase;
			buildActionMask = 2147483647;
			files = (
			);
			runOnlyForDeploymentPostprocessing = 0;
		};
/* End PBXFrameworksBuildPhase section */

/* Begin PBXGroup section */
		DC2268DF2875DCA4004CCFB9 = {
			isa = PBXGroup;
			children = (
				DC2268EA2875DCA4004CCFB9 /* BankIdentifyNumberChecker */,
				DC2268E92875DCA4004CCFB9 /* Products */,
			);
			sourceTree = "<group>";
		};
		DC2268E92875DCA4004CCFB9 /* Products */ = {
			isa = PBXGroup;
			children = (
				DC2268E82875DCA4004CCFB9 /* BankIdentifyNumberChecker.app */,
			);
			name = Products;
			sourceTree = "<group>";
		};
		DC2268EA2875DCA4004CCFB9 /* BankIdentifyNumberChecker */ = {
			isa = PBXGroup;
			children = (
				DC2268EB2875DCA4004CCFB9 /* AppDelegate.swift */,
				DC2268ED2875DCA4004CCFB9 /* SceneDelegate.swift */,
				DC2268EF2875DCA4004CCFB9 /* ViewController.swift */,
				DC2268FF2875DFDE004CCFB9 /* ApiKey.swift */,
				DC2268F12875DCA4004CCFB9 /* Main.storyboard */,
				DC2268F42875DCA4004CCFB9 /* Assets.xcassets */,
				DC2268F62875DCA4004CCFB9 /* LaunchScreen.storyboard */,
				DC2268F92875DCA4004CCFB9 /* Info.plist */,
			);
			path = BankIdentifyNumberChecker;
			sourceTree = "<group>";
		};
/* End PBXGroup section */

/* Begin PBXNativeTarget section */
		DC2268E72875DCA4004CCFB9 /* BankIdentifyNumberChecker */ = {
			isa = PBXNativeTarget;
			buildConfigurationList = DC2268FC2875DCA4004CCFB9 /* Build configuration list for PBXNativeTarget "BankIdentifyNumberChecker" */;
			buildPhases = (
				DC2268E42875DCA4004CCFB9 /* Sources */,
				DC2268E52875DCA4004CCFB9 /* Frameworks */,
				DC2268E62875DCA4004CCFB9 /* Resources */,
			);
			buildRules = (
			);
			dependencies = (
			);
			name = BankIdentifyNumberChecker;
			productName = BankIdentifyNumberChecker;
			productReference = DC2268E82875DCA4004CCFB9 /* BankIdentifyNumberChecker.app */;
			productType = "com.apple.product-type.application";
		};
/* End PBXNativeTarget section */

/* Begin PBXProject section */
		DC2268E02875DCA4004CCFB9 /* Project object */ = {
			isa = PBXProject;
			attributes = {
				BuildIndependentTargetsInParallel = 1;
				LastSwiftUpdateCheck = 1320;
				LastUpgradeCheck = 1320;
				TargetAttributes = {
					DC2268E72875DCA4004CCFB9 = {
						CreatedOnToolsVersion = 13.2.1;
					};
				};
			};
			buildConfigurationList = DC2268E32875DCA4004CCFB9 /* Build configuration list for PBXProject "BankIdentifyNumberChecker" */;
			compatibilityVersion = "Xcode 13.0";
			developmentRegion = en;
			hasScannedForEncodings = 0;
			knownRegions = (
				en,
				Base,
			);
			mainGroup = DC2268DF2875DCA4004CCFB9;
			productRefGroup = DC2268E92875DCA4004CCFB9 /* Products */;
			projectDirPath = "";
			projectRoot = "";
			targets = (
				DC2268E72875DCA4004CCFB9 /* BankIdentifyNumberChecker */,
			);
		};
/* End PBXProject section */

/* Begin PBXResourcesBuildPhase section */
		DC2268E62875DCA4004CCFB9 /* Resources */ = {
			isa = PBXResourcesBuildPhase;
			buildActionMask = 2147483647;
			files = (
				DC2268F82875DCA4004CCFB9 /* LaunchScreen.storyboard in Resources */,
				DC2268F52875DCA4004CCFB9 /* Assets.xcassets in Resources */,
				DC2268F32875DCA4004CCFB9 /* Main.storyboard in Resources */,
			);
			runOnlyForDeploymentPostprocessing = 0;
		};
/* End PBXResourcesBuildPhase section */

/* Begin PBXSourcesBuildPhase section */
		DC2268E42875DCA4004CCFB9 /* Sources */ = {
			isa = PBXSourcesBuildPhase;
			buildActionMask = 2147483647;
			files = (
				DC2268F02875DCA4004CCFB9 /* ViewController.swift in Sources */,
				DC2268EC2875DCA4004CCFB9 /* AppDelegate.swift in Sources */,
				DC2269002875DFDE004CCFB9 /* ApiKey.swift in Sources */,
				DC2268EE2875DCA4004CCFB9 /* SceneDelegate.swift in Sources */,
			);
			runOnlyForDeploymentPostprocessing = 0;
		};
/* End PBXSourcesBuildPhase section */

/* Begin PBXVariantGroup section */
		DC2268F12875DCA4004CCFB9 /* Main.storyboard */ = {
			isa = PBXVariantGroup;
			children = (
				DC2268F22875DCA4004CCFB9 /* Base */,
			);
			name = Main.storyboard;
			sourceTree = "<group>";
		};
		DC2268F62875DCA4004CCFB9 /* LaunchScreen.storyboard */ = {
			isa = PBXVariantGroup;
			children = (
				DC2268F72875DCA4004CCFB9 /* Base */,
			);
			name = LaunchScreen.storyboard;
			sourceTree = "<group>";
		};
/* End PBXVariantGroup section */

/* Begin XCBuildConfiguration section */
		DC2268FA2875DCA4004CCFB9 /* Debug */ = {
			isa = XCBuildConfiguration;
			buildSettings = {
				ALWAYS_SEARCH_USER_PATHS = NO;
				CLANG_ANALYZER_NONNULL = YES;
				CLANG_ANALYZER_NUMBER_OBJECT_CONVERSION = YES_AGGRESSIVE;
				CLANG_CXX_LANGUAGE_STANDARD = "gnu++17";
				CLANG_CXX_LIBRARY = "libc++";
				CLANG_ENABLE_MODULES = YES;
				CLANG_ENABLE_OBJC_ARC = YES;
				CLANG_ENABLE_OBJC_WEAK = YES;
				CLANG_WARN_BLOCK_CAPTURE_AUTORELEASING = YES;
				CLANG_WARN_BOOL_CONVERSION = YES;
				CLANG_WARN_COMMA = YES;
				CLANG_WARN_CONSTANT_CONVERSION = YES;
				CLANG_WARN_DEPRECATED_OBJC_IMPLEMENTATIONS = YES;
				CLANG_WARN_DIRECT_OBJC_ISA_USAGE = YES_ERROR;
				CLANG_WARN_DOCUMENTATION_COMMENTS = YES;
				CLANG_WARN_EMPTY_BODY = YES;
				CLANG_WARN_ENUM_CONVERSION = YES;
				CLANG_WARN_INFINITE_RECURSION = YES;
				CLANG_WARN_INT_CONVERSION = YES;
				CLANG_WARN_NON_LITERAL_NULL_CONVERSION = YES;
				CLANG_WARN_OBJC_IMPLICIT_RETAIN_SELF = YES;
				CLANG_WARN_OBJC_LITERAL_CONVERSION = YES;
				CLANG_WARN_OBJC_ROOT_CLASS = YES_ERROR;
				CLANG_WARN_QUOTED_INCLUDE_IN_FRAMEWORK_HEADER = YES;
				CLANG_WARN_RANGE_LOOP_ANALYSIS = YES;
				CLANG_WARN_STRICT_PROTOTYPES = YES;
				CLANG_WARN_SUSPICIOUS_MOVE = YES;
				CLANG_WARN_UNGUARDED_AVAILABILITY = YES_AGGRESSIVE;
				CLANG_WARN_UNREACHABLE_CODE = YES;
				CLANG_WARN__DUPLICATE_METHOD_MATCH = YES;
				COPY_PHASE_STRIP = NO;
				DEBUG_INFORMATION_FORMAT = dwarf;
				ENABLE_STRICT_OBJC_MSGSEND = YES;
				ENABLE_TESTABILITY = YES;
				GCC_C_LANGUAGE_STANDARD = gnu11;
				GCC_DYNAMIC_NO_PIC = NO;
				GCC_NO_COMMON_BLOCKS = YES;
				GCC_OPTIMIZATION_LEVEL = 0;
				GCC_PREPROCESSOR_DEFINITIONS = (
					"DEBUG=1",
					"$(inherited)",
				);
				GCC_WARN_64_TO_32_BIT_CONVERSION = YES;
				GCC_WARN_ABOUT_RETURN_TYPE = YES_ERROR;
				GCC_WARN_UNDECLARED_SELECTOR = YES;
				GCC_WARN_UNINITIALIZED_AUTOS = YES_AGGRESSIVE;
				GCC_WARN_UNUSED_FUNCTION = YES;
				GCC_WARN_UNUSED_VARIABLE = YES;
				IPHONEOS_DEPLOYMENT_TARGET = 15.2;
				MTL_ENABLE_DEBUG_INFO = INCLUDE_SOURCE;
				MTL_FAST_MATH = YES;
				ONLY_ACTIVE_ARCH = YES;
				SDKROOT = iphoneos;
				SWIFT_ACTIVE_COMPILATION_CONDITIONS = DEBUG;
				SWIFT_OPTIMIZATION_LEVEL = "-Onone";
			};
			name = Debug;
		};
		DC2268FB2875DCA4004CCFB9 /* Release */ = {
			isa = XCBuildConfiguration;
			buildSettings = {
				ALWAYS_SEARCH_USER_PATHS = NO;
				CLANG_ANALYZER_NONNULL = YES;
				CLANG_ANALYZER_NUMBER_OBJECT_CONVERSION = YES_AGGRESSIVE;
				CLANG_CXX_LANGUAGE_STANDARD = "gnu++17";
				CLANG_CXX_LIBRARY = "libc++";
				CLANG_ENABLE_MODULES = YES;
				CLANG_ENABLE_OBJC_ARC = YES;
				CLANG_ENABLE_OBJC_WEAK = YES;
				CLANG_WARN_BLOCK_CAPTURE_AUTORELEASING = YES;
				CLANG_WARN_BOOL_CONVERSION = YES;
				CLANG_WARN_COMMA = YES;
				CLANG_WARN_CONSTANT_CONVERSION = YES;
				CLANG_WARN_DEPRECATED_OBJC_IMPLEMENTATIONS = YES;
				CLANG_WARN_DIRECT_OBJC_ISA_USAGE = YES_ERROR;
				CLANG_WARN_DOCUMENTATION_COMMENTS = YES;
				CLANG_WARN_EMPTY_BODY = YES;
				CLANG_WARN_ENUM_CONVERSION = YES;
				CLANG_WARN_INFINITE_RECURSION = YES;
				CLANG_WARN_INT_CONVERSION = YES;
				CLANG_WARN_NON_LITERAL_NULL_CONVERSION = YES;
				CLANG_WARN_OBJC_IMPLICIT_RETAIN_SELF = YES;
				CLANG_WARN_OBJC_LITERAL_CONVERSION = YES;
				CLANG_WARN_OBJC_ROOT_CLASS = YES_ERROR;
				CLANG_WARN_QUOTED_INCLUDE_IN_FRAMEWORK_HEADER = YES;
				CLANG_WARN_RANGE_LOOP_ANALYSIS = YES;
				CLANG_WARN_STRICT_PROTOTYPES = YES;
				CLANG_WARN_SUSPICIOUS_MOVE = YES;
				CLANG_WARN_UNGUARDED_AVAILABILITY = YES_AGGRESSIVE;
				CLANG_WARN_UNREACHABLE_CODE = YES;
				CLANG_WARN__DUPLICATE_METHOD_MATCH = YES;
				COPY_PHASE_STRIP = NO;
				DEBUG_INFORMATION_FORMAT = "dwarf-with-dsym";
				ENABLE_NS_ASSERTIONS = NO;
				ENABLE_STRICT_OBJC_MSGSEND = YES;
				GCC_C_LANGUAGE_STANDARD = gnu11;
				GCC_NO_COMMON_BLOCKS = YES;
				GCC_WARN_64_TO_32_BIT_CONVERSION = YES;
				GCC_WARN_ABOUT_RETURN_TYPE = YES_ERROR;
				GCC_WARN_UNDECLARED_SELECTOR = YES;
				GCC_WARN_UNINITIALIZED_AUTOS = YES_AGGRESSIVE;
				GCC_WARN_UNUSED_FUNCTION = YES;
				GCC_WARN_UNUSED_VARIABLE = YES;
				IPHONEOS_DEPLOYMENT_TARGET = 15.2;
				MTL_ENABLE_DEBUG_INFO = NO;
				MTL_FAST_MATH = YES;
				SDKROOT = iphoneos;
				SWIFT_COMPILATION_MODE = wholemodule;
				SWIFT_OPTIMIZATION_LEVEL = "-O";
				VALIDATE_PRODUCT = YES;
			};
			name = Release;
		};
		DC2268FD2875DCA4004CCFB9 /* Debug */ = {
			isa = XCBuildConfiguration;
			buildSettings = {
				ASSETCATALOG_COMPILER_APPICON_NAME = AppIcon;
				ASSETCATALOG_COMPILER_GLOBAL_ACCENT_COLOR_NAME = AccentColor;
				CODE_SIGN_STYLE = Automatic;
				CURRENT_PROJECT_VERSION = 1;
				DEVELOPMENT_TEAM = 2T92S97VBM;
				GENERATE_INFOPLIST_FILE = YES;
				INFOPLIST_FILE = BankIdentifyNumberChecker/Info.plist;
				INFOPLIST_KEY_UIApplicationSupportsIndirectInputEvents = YES;
				INFOPLIST_KEY_UILaunchStoryboardName = LaunchScreen;
				INFOPLIST_KEY_UIMainStoryboardFile = Main;
				INFOPLIST_KEY_UISupportedInterfaceOrientations_iPad = "UIInterfaceOrientationPortrait UIInterfaceOrientationPortraitUpsideDown UIInterfaceOrientationLandscapeLeft UIInterfaceOrientationLandscapeRight";
				INFOPLIST_KEY_UISupportedInterfaceOrientations_iPhone = "UIInterfaceOrientationPortrait UIInterfaceOrientationLandscapeLeft UIInterfaceOrientationLandscapeRight";
				LD_RUNPATH_SEARCH_PATHS = (
					"$(inherited)",
					"@executable_path/Frameworks",
				);
				MARKETING_VERSION = 1.0;
				PRODUCT_BUNDLE_IDENTIFIER = com.furkanceylan.BankIdentifyNumberChecker;
				PRODUCT_NAME = "$(TARGET_NAME)";
				SWIFT_EMIT_LOC_STRINGS = YES;
				SWIFT_VERSION = 5.0;
				TARGETED_DEVICE_FAMILY = "1,2";
			};
			name = Debug;
		};
		DC2268FE2875DCA4004CCFB9 /* Release */ = {
			isa = XCBuildConfiguration;
			buildSettings = {
				ASSETCATALOG_COMPILER_APPICON_NAME = AppIcon;
				ASSETCATALOG_COMPILER_GLOBAL_ACCENT_COLOR_NAME = AccentColor;
				CODE_SIGN_STYLE = Automatic;
				CURRENT_PROJECT_VERSION = 1;
				DEVELOPMENT_TEAM = 2T92S97VBM;
				GENERATE_INFOPLIST_FILE = YES;
				INFOPLIST_FILE = BankIdentifyNumberChecker/Info.plist;
				INFOPLIST_KEY_UIApplicationSupportsIndirectInputEvents = YES;
				INFOPLIST_KEY_UILaunchStoryboardName = LaunchScreen;
				INFOPLIST_KEY_UIMainStoryboardFile = Main;
				INFOPLIST_KEY_UISupportedInterfaceOrientations_iPad = "UIInterfaceOrientationPortrait UIInterfaceOrientationPortraitUpsideDown UIInterfaceOrientationLandscapeLeft UIInterfaceOrientationLandscapeRight";
				INFOPLIST_KEY_UISupportedInterfaceOrientations_iPhone = "UIInterfaceOrientationPortrait UIInterfaceOrientationLandscapeLeft UIInterfaceOrientationLandscapeRight";
				LD_RUNPATH_SEARCH_PATHS = (
					"$(inherited)",
					"@executable_path/Frameworks",
				);
				MARKETING_VERSION = 1.0;
				PRODUCT_BUNDLE_IDENTIFIER = com.furkanceylan.BankIdentifyNumberChecker;
				PRODUCT_NAME = "$(TARGET_NAME)";
				SWIFT_EMIT_LOC_STRINGS = YES;
				SWIFT_VERSION = 5.0;
				TARGETED_DEVICE_FAMILY = "1,2";
			};
			name = Release;
		};
/* End XCBuildConfiguration section */

/* Begin XCConfigurationList section */
		DC2268E32875DCA4004CCFB9 /* Build configuration list for PBXProject "BankIdentifyNumberChecker" */ = {
			isa = XCConfigurationList;
			buildConfigurations = (
				DC2268FA2875DCA4004CCFB9 /* Debug */,
				DC2268FB2875DCA4004CCFB9 /* Release */,
			);
			defaultConfigurationIsVisible = 0;
			defaultConfigurationName = Release;
		};
		DC2268FC2875DCA4004CCFB9 /* Build configuration list for PBXNativeTarget "BankIdentifyNumberChecker" */ = {
			isa = XCConfigurationList;
			buildConfigurations = (
				DC2268FD2875DCA4004CCFB9 /* Debug */,
				DC2268FE2875DCA4004CCFB9 /* Release */,
			);
			defaultConfigurationIsVisible = 0;
			defaultConfigurationName = Release;
		};
/* End XCConfigurationList section */
	};
	rootObject = DC2268E02875DCA4004CCFB9 /* Project object */;
}
